
Microsoft Visual Studio Solution File, Format Version 12.00
# Visual Studio Version 16
VisualStudioVersion = 16.0.29123.88
MinimumVisualStudioVersion = 10.0.40219.1
Project("{FAE04EC0-301F-11D3-BF4B-00C04F79EFBC}") = "Files, Directories and Exceptions", "Files, Directories and Exceptions\Files, Directories and Exceptions.csproj", "{C1FD2E3C-CC85-4E26-9C27-1E932F9133A8}"
EndProject
Project("{FAE04EC0-301F-11D3-BF4B-00C04F79EFBC}") = "Line Numbers", "Line Numbers\Line Numbers.csproj", "{75AA9099-2649-49C0-8654-709B4A7B7867}"
EndProject
Project("{FAE04EC0-301F-11D3-BF4B-00C04F79EFBC}") = "Word Count", "ConsoleApp1\Word Count.csproj", "{065F6993-C638-4C03-B399-B95DAA97B693}"
EndProject
Project("{FAE04EC0-301F-11D3-BF4B-00C04F79EFBC}") = "Merge Files", "Merge Files\Merge Files.csproj", "{E9160006-C6B6-4D2E-8464-9965638689BE}"
EndProject
Project("{FAE04EC0-301F-11D3-BF4B-00C04F79EFBC}") = "Folder Size", "Folder Size\Folder Size.csproj", "{7A1C8104-E261-40A8-9B0D-670F97A4FC4D}"
EndProject
Global
	GlobalSection(SolutionConfigurationPlatforms) = preSolution
		Debug|Any CPU = Debug|Any CPU
		Release|Any CPU = Release|Any CPU
	EndGlobalSection
	GlobalSection(ProjectConfigurationPlatforms) = postSolution
		{C1FD2E3C-CC85-4E26-9C27-1E932F9133A8}.Debug|Any CPU.ActiveCfg = Debug|Any CPU
		{C1FD2E3C-CC85-4E26-9C27-1E932F9133A8}.Debug|Any CPU.Build.0 = Debug|Any CPU
		{C1FD2E3C-CC85-4E26-9C27-1E932F9133A8}.Release|Any CPU.ActiveCfg = Release|Any CPU
		{C1FD2E3C-CC85-4E26-9C27-1E932F9133A8}.Release|Any CPU.Build.0 = Release|Any CPU
		{75AA9099-2649-49C0-8654-709B4A7B7867}.Debug|Any CPU.ActiveCfg = Debug|Any CPU
		{75AA9099-2649-49C0-8654-709B4A7B7867}.Debug|Any CPU.Build.0 = Debug|Any CPU
		{75AA9099-2649-49C0-8654-709B4A7B7867}.Release|Any CPU.ActiveCfg = Release|Any CPU
		{75AA9099-2649-49C0-8654-709B4A7B7867}.Release|Any CPU.Build.0 = Release|Any CPU
		{065F6993-C638-4C03-B399-B95DAA97B693}.Debug|Any CPU.ActiveCfg = Debug|Any CPU
		{065F6993-C638-4C03-B399-B95DAA97B693}.Debug|Any CPU.Build.0 = Debug|Any CPU
		{065F6993-C638-4C03-B399-B95DAA97B693}.Release|Any CPU.ActiveCfg = Release|Any CPU
		{065F6993-C638-4C03-B399-B95DAA97B693}.Release|Any CPU.Build.0 = Release|Any CPU
		{E9160006-C6B6-4D2E-8464-9965638689BE}.Debug|Any CPU.ActiveCfg = Debug|Any CPU
		{E9160006-C6B6-4D2E-8464-9965638689BE}.Debug|Any CPU.Build.0 = Debug|Any CPU
		{E9160006-C6B6-4D2E-8464-9965638689BE}.Release|Any CPU.ActiveCfg = Release|Any CPU
		{E9160006-C6B6-4D2E-8464-9965638689BE}.Release|Any CPU.Build.0 = Release|Any CPU
		{7A1C8104-E261-40A8-9B0D-670F97A4FC4D}.Debug|Any CPU.ActiveCfg = Debug|Any CPU
		{7A1C8104-E261-40A8-9B0D-670F97A4FC4D}.Debug|Any CPU.Build.0 = Debug|Any CPU
		{7A1C8104-E261-40A8-9B0D-670F97A4FC4D}.Release|Any CPU.ActiveCfg = Release|Any CPU
		{7A1C8104-E261-40A8-9B0D-670F97A4FC4D}.Release|Any CPU.Build.0 = Release|Any CPU
	EndGlobalSection
	GlobalSection(SolutionProperties) = preSolution
		HideSolutionNode = FALSE
	EndGlobalSection
	GlobalSection(ExtensibilityGlobals) = postSolution
		SolutionGuid = {A3464B7A-CADD-41B9-A6A0-848D2CD6C730}
	EndGlobalSection
EndGlobal
